
Microsoft Visual Studio Solution File, Format Version 12.00
Project("{2150E333-8FDC-42A3-9474-1A3956D46DE8}") = "PartnerZoneService", "PartnerZoneService", "{9E9A7813-440C-4465-AE9A-3FD58478620F}"
EndProject
Project("{2150E333-8FDC-42A3-9474-1A3956D46DE8}") = "Identity", "Identity", "{2519FEFB-09E8-42EB-B49A-07A6A7B5CEC1}"
EndProject
Project("{2150E333-8FDC-42A3-9474-1A3956D46DE8}") = "WebClient", "WebClient", "{7708E0F0-BD47-4ECE-9090-C012B38B2DF0}"
EndProject
Project("{FAE04EC0-301F-11D3-BF4B-00C04F79EFBC}") = "PartnerZoneService", "PartnerZoneService\PartnerZoneService.csproj", "{23C1C7EB-787F-4773-9B43-5AE070CADAD7}"
EndProject
Project("{2150E333-8FDC-42A3-9474-1A3956D46DE8}") = "Infrastructure", "Infrastructure", "{4EB9E409-2481-4A9F-931C-E34CB3B7E68F}"
EndProject
Project("{FAE04EC0-301F-11D3-BF4B-00C04F79EFBC}") = "EventBus.RMQ", "EventBus.RMQ\EventBus.RMQ.csproj", "{058D6AA6-0F60-4101-A09E-8355A788E4A8}"
EndProject
Project("{FAE04EC0-301F-11D3-BF4B-00C04F79EFBC}") = "PartnerZoneService.Consumers", "PartnerZoneService.Consumers\PartnerZoneService.Consumers.csproj", "{C19905CE-FECE-47E9-BF36-0527AB71690D}"
EndProject
Project("{FAE04EC0-301F-11D3-BF4B-00C04F79EFBC}") = "BaseServiceLibrary", "BaseServiceLibrary\BaseServiceLibrary.csproj", "{30B28530-3DCA-4A5D-8218-97B01BD5924D}"
EndProject
Project("{FAE04EC0-301F-11D3-BF4B-00C04F79EFBC}") = "BaseServiceContracts", "BaseServiceContracts\BaseServiceContracts.csproj", "{C63D1F12-89B0-42BD-A6BD-C7750C5EF04E}"
EndProject
Project("{FAE04EC0-301F-11D3-BF4B-00C04F79EFBC}") = "BaseServiceData", "BaseServiceData\BaseServiceData.csproj", "{F71EBDAA-E0C7-4C59-B484-4BCA8E832694}"
EndProject
Project("{FAE04EC0-301F-11D3-BF4B-00C04F79EFBC}") = "IdentityMoq", "IdentityMoq\IdentityMoq.csproj", "{F52FAA43-4C20-441F-B6FB-79612496056B}"
EndProject
Project("{FAE04EC0-301F-11D3-BF4B-00C04F79EFBC}") = "PartnerZoneService.Web", "PartnerZoneService.Web\PartnerZoneService.Web.csproj", "{94941EBA-0B6C-4B99-A120-51C9921F7359}"
EndProject
Global
	GlobalSection(SolutionConfigurationPlatforms) = preSolution
		Debug|Any CPU = Debug|Any CPU
		Release|Any CPU = Release|Any CPU
	EndGlobalSection
	GlobalSection(ProjectConfigurationPlatforms) = postSolution
		{23C1C7EB-787F-4773-9B43-5AE070CADAD7}.Debug|Any CPU.ActiveCfg = Debug|Any CPU
		{23C1C7EB-787F-4773-9B43-5AE070CADAD7}.Debug|Any CPU.Build.0 = Debug|Any CPU
		{23C1C7EB-787F-4773-9B43-5AE070CADAD7}.Release|Any CPU.ActiveCfg = Release|Any CPU
		{23C1C7EB-787F-4773-9B43-5AE070CADAD7}.Release|Any CPU.Build.0 = Release|Any CPU
		{058D6AA6-0F60-4101-A09E-8355A788E4A8}.Debug|Any CPU.ActiveCfg = Debug|Any CPU
		{058D6AA6-0F60-4101-A09E-8355A788E4A8}.Debug|Any CPU.Build.0 = Debug|Any CPU
		{058D6AA6-0F60-4101-A09E-8355A788E4A8}.Release|Any CPU.ActiveCfg = Release|Any CPU
		{058D6AA6-0F60-4101-A09E-8355A788E4A8}.Release|Any CPU.Build.0 = Release|Any CPU
		{C19905CE-FECE-47E9-BF36-0527AB71690D}.Debug|Any CPU.ActiveCfg = Debug|Any CPU
		{C19905CE-FECE-47E9-BF36-0527AB71690D}.Debug|Any CPU.Build.0 = Debug|Any CPU
		{C19905CE-FECE-47E9-BF36-0527AB71690D}.Release|Any CPU.ActiveCfg = Release|Any CPU
		{C19905CE-FECE-47E9-BF36-0527AB71690D}.Release|Any CPU.Build.0 = Release|Any CPU
		{30B28530-3DCA-4A5D-8218-97B01BD5924D}.Debug|Any CPU.ActiveCfg = Debug|Any CPU
		{30B28530-3DCA-4A5D-8218-97B01BD5924D}.Debug|Any CPU.Build.0 = Debug|Any CPU
		{30B28530-3DCA-4A5D-8218-97B01BD5924D}.Release|Any CPU.ActiveCfg = Release|Any CPU
		{30B28530-3DCA-4A5D-8218-97B01BD5924D}.Release|Any CPU.Build.0 = Release|Any CPU
		{C63D1F12-89B0-42BD-A6BD-C7750C5EF04E}.Debug|Any CPU.ActiveCfg = Debug|Any CPU
		{C63D1F12-89B0-42BD-A6BD-C7750C5EF04E}.Debug|Any CPU.Build.0 = Debug|Any CPU
		{C63D1F12-89B0-42BD-A6BD-C7750C5EF04E}.Release|Any CPU.ActiveCfg = Release|Any CPU
		{C63D1F12-89B0-42BD-A6BD-C7750C5EF04E}.Release|Any CPU.Build.0 = Release|Any CPU
		{F71EBDAA-E0C7-4C59-B484-4BCA8E832694}.Debug|Any CPU.ActiveCfg = Debug|Any CPU
		{F71EBDAA-E0C7-4C59-B484-4BCA8E832694}.Debug|Any CPU.Build.0 = Debug|Any CPU
		{F71EBDAA-E0C7-4C59-B484-4BCA8E832694}.Release|Any CPU.ActiveCfg = Release|Any CPU
		{F71EBDAA-E0C7-4C59-B484-4BCA8E832694}.Release|Any CPU.Build.0 = Release|Any CPU
		{F52FAA43-4C20-441F-B6FB-79612496056B}.Debug|Any CPU.ActiveCfg = Debug|Any CPU
		{F52FAA43-4C20-441F-B6FB-79612496056B}.Debug|Any CPU.Build.0 = Debug|Any CPU
		{F52FAA43-4C20-441F-B6FB-79612496056B}.Release|Any CPU.ActiveCfg = Release|Any CPU
		{F52FAA43-4C20-441F-B6FB-79612496056B}.Release|Any CPU.Build.0 = Release|Any CPU
		{94941EBA-0B6C-4B99-A120-51C9921F7359}.Debug|Any CPU.ActiveCfg = Debug|Any CPU
		{94941EBA-0B6C-4B99-A120-51C9921F7359}.Debug|Any CPU.Build.0 = Debug|Any CPU
		{94941EBA-0B6C-4B99-A120-51C9921F7359}.Release|Any CPU.ActiveCfg = Release|Any CPU
		{94941EBA-0B6C-4B99-A120-51C9921F7359}.Release|Any CPU.Build.0 = Release|Any CPU
	EndGlobalSection
	GlobalSection(NestedProjects) = preSolution
		{23C1C7EB-787F-4773-9B43-5AE070CADAD7} = {9E9A7813-440C-4465-AE9A-3FD58478620F}
		{058D6AA6-0F60-4101-A09E-8355A788E4A8} = {4EB9E409-2481-4A9F-931C-E34CB3B7E68F}
		{C19905CE-FECE-47E9-BF36-0527AB71690D} = {9E9A7813-440C-4465-AE9A-3FD58478620F}
		{30B28530-3DCA-4A5D-8218-97B01BD5924D} = {4EB9E409-2481-4A9F-931C-E34CB3B7E68F}
		{C63D1F12-89B0-42BD-A6BD-C7750C5EF04E} = {4EB9E409-2481-4A9F-931C-E34CB3B7E68F}
		{F71EBDAA-E0C7-4C59-B484-4BCA8E832694} = {4EB9E409-2481-4A9F-931C-E34CB3B7E68F}
		{F52FAA43-4C20-441F-B6FB-79612496056B} = {2519FEFB-09E8-42EB-B49A-07A6A7B5CEC1}
		{94941EBA-0B6C-4B99-A120-51C9921F7359} = {7708E0F0-BD47-4ECE-9090-C012B38B2DF0}
	EndGlobalSection
EndGlobal
